
Microsoft Visual Studio Solution File, Format Version 12.00
# Visual Studio Version 16
VisualStudioVersion = 16.0.31205.134
MinimumVisualStudioVersion = 10.0.40219.1
Project("{FAE04EC0-301F-11D3-BF4B-00C04F79EFBC}") = "APP", "APP\APP.csproj", "{888C3377-D5BC-4733-A522-CC088A6A4855}"
EndProject
Project("{FAE04EC0-301F-11D3-BF4B-00C04F79EFBC}") = "Clases", "Clases\Clases.csproj", "{5D5C92B7-ACE5-4EA0-91B3-EF2F5787276E}"
EndProject
Global
	GlobalSection(SolutionConfigurationPlatforms) = preSolution
		Debug|Any CPU = Debug|Any CPU
		Release|Any CPU = Release|Any CPU
	EndGlobalSection
	GlobalSection(ProjectConfigurationPlatforms) = postSolution
		{888C3377-D5BC-4733-A522-CC088A6A4855}.Debug|Any CPU.ActiveCfg = Debug|Any CPU
		{888C3377-D5BC-4733-A522-CC088A6A4855}.Debug|Any CPU.Build.0 = Debug|Any CPU
		{888C3377-D5BC-4733-A522-CC088A6A4855}.Release|Any CPU.ActiveCfg = Release|Any CPU
		{888C3377-D5BC-4733-A522-CC088A6A4855}.Release|Any CPU.Build.0 = Release|Any CPU
		{5D5C92B7-ACE5-4EA0-91B3-EF2F5787276E}.Debug|Any CPU.ActiveCfg = Debug|Any CPU
		{5D5C92B7-ACE5-4EA0-91B3-EF2F5787276E}.Debug|Any CPU.Build.0 = Debug|Any CPU
		{5D5C92B7-ACE5-4EA0-91B3-EF2F5787276E}.Release|Any CPU.ActiveCfg = Release|Any CPU
		{5D5C92B7-ACE5-4EA0-91B3-EF2F5787276E}.Release|Any CPU.Build.0 = Release|Any CPU
	EndGlobalSection
	GlobalSection(SolutionProperties) = preSolution
		HideSolutionNode = FALSE
	EndGlobalSection
	GlobalSection(ExtensibilityGlobals) = postSolution
		SolutionGuid = {81614CC8-5CBC-452C-89A1-084EC24703E9}
	EndGlobalSection
EndGlobal
